// !$*UTF8*$!
{
	archiveVersion = 1;
	classes = {
	};
	objectVersion = 55;
	objects = {

/* Begin PBXBuildFile section */
		6D46820B288B39A8007FB56D /* AppDelegate.swift in Sources */ = {isa = PBXBuildFile; fileRef = 6D46820A288B39A8007FB56D /* AppDelegate.swift */; };
		6D46820D288B39A8007FB56D /* SceneDelegate.swift in Sources */ = {isa = PBXBuildFile; fileRef = 6D46820C288B39A8007FB56D /* SceneDelegate.swift */; };
		6D46820F288B39A8007FB56D /* ViewController.swift in Sources */ = {isa = PBXBuildFile; fileRef = 6D46820E288B39A8007FB56D /* ViewController.swift */; };
		6D468212288B39A8007FB56D /* Main.storyboard in Resources */ = {isa = PBXBuildFile; fileRef = 6D468210288B39A8007FB56D /* Main.storyboard */; };
		6D468214288B39AA007FB56D /* Assets.xcassets in Resources */ = {isa = PBXBuildFile; fileRef = 6D468213288B39AA007FB56D /* Assets.xcassets */; };
		6D468217288B39AA007FB56D /* LaunchScreen.storyboard in Resources */ = {isa = PBXBuildFile; fileRef = 6D468215288B39AA007FB56D /* LaunchScreen.storyboard */; };
		6D468222288B39AB007FB56D /* Photo_App_ExpTests.swift in Sources */ = {isa = PBXBuildFile; fileRef = 6D468221288B39AB007FB56D /* Photo_App_ExpTests.swift */; };
		6D46822C288B39AB007FB56D /* Photo_App_ExpUITests.swift in Sources */ = {isa = PBXBuildFile; fileRef = 6D46822B288B39AB007FB56D /* Photo_App_ExpUITests.swift */; };
		6D46822E288B39AB007FB56D /* Photo_App_ExpUITestsLaunchTests.swift in Sources */ = {isa = PBXBuildFile; fileRef = 6D46822D288B39AB007FB56D /* Photo_App_ExpUITestsLaunchTests.swift */; };
/* End PBXBuildFile section */

/* Begin PBXContainerItemProxy section */
		6D46821E288B39AB007FB56D /* PBXContainerItemProxy */ = {
			isa = PBXContainerItemProxy;
			containerPortal = 6D4681FF288B39A8007FB56D /* Project object */;
			proxyType = 1;
			remoteGlobalIDString = 6D468206288B39A8007FB56D;
			remoteInfo = Photo_App_Exp;
		};
		6D468228288B39AB007FB56D /* PBXContainerItemProxy */ = {
			isa = PBXContainerItemProxy;
			containerPortal = 6D4681FF288B39A8007FB56D /* Project object */;
			proxyType = 1;
			remoteGlobalIDString = 6D468206288B39A8007FB56D;
			remoteInfo = Photo_App_Exp;
		};
/* End PBXContainerItemProxy section */

/* Begin PBXFileReference section */
		6D468207288B39A8007FB56D /* Photo_App_Exp.app */ = {isa = PBXFileReference; explicitFileType = wrapper.application; includeInIndex = 0; path = Photo_App_Exp.app; sourceTree = BUILT_PRODUCTS_DIR; };
		6D46820A288B39A8007FB56D /* AppDelegate.swift */ = {isa = PBXFileReference; lastKnownFileType = sourcecode.swift; path = AppDelegate.swift; sourceTree = "<group>"; };
		6D46820C288B39A8007FB56D /* SceneDelegate.swift */ = {isa = PBXFileReference; lastKnownFileType = sourcecode.swift; path = SceneDelegate.swift; sourceTree = "<group>"; };
		6D46820E288B39A8007FB56D /* ViewController.swift */ = {isa = PBXFileReference; lastKnownFileType = sourcecode.swift; path = ViewController.swift; sourceTree = "<group>"; };
		6D468211288B39A8007FB56D /* Base */ = {isa = PBXFileReference; lastKnownFileType = file.storyboard; name = Base; path = Base.lproj/Main.storyboard; sourceTree = "<group>"; };
		6D468213288B39AA007FB56D /* Assets.xcassets */ = {isa = PBXFileReference; lastKnownFileType = folder.assetcatalog; path = Assets.xcassets; sourceTree = "<group>"; };
		6D468216288B39AA007FB56D /* Base */ = {isa = PBXFileReference; lastKnownFileType = file.storyboard; name = Base; path = Base.lproj/LaunchScreen.storyboard; sourceTree = "<group>"; };
		6D468218288B39AA007FB56D /* Info.plist */ = {isa = PBXFileReference; lastKnownFileType = text.plist.xml; path = Info.plist; sourceTree = "<group>"; };
		6D46821D288B39AB007FB56D /* Photo_App_ExpTests.xctest */ = {isa = PBXFileReference; explicitFileType = wrapper.cfbundle; includeInIndex = 0; path = Photo_App_ExpTests.xctest; sourceTree = BUILT_PRODUCTS_DIR; };
		6D468221288B39AB007FB56D /* Photo_App_ExpTests.swift */ = {isa = PBXFileReference; lastKnownFileType = sourcecode.swift; path = Photo_App_ExpTests.swift; sourceTree = "<group>"; };
		6D468227288B39AB007FB56D /* Photo_App_ExpUITests.xctest */ = {isa = PBXFileReference; explicitFileType = wrapper.cfbundle; includeInIndex = 0; path = Photo_App_ExpUITests.xctest; sourceTree = BUILT_PRODUCTS_DIR; };
		6D46822B288B39AB007FB56D /* Photo_App_ExpUITests.swift */ = {isa = PBXFileReference; lastKnownFileType = sourcecode.swift; path = Photo_App_ExpUITests.swift; sourceTree = "<group>"; };
		6D46822D288B39AB007FB56D /* Photo_App_ExpUITestsLaunchTests.swift */ = {isa = PBXFileReference; lastKnownFileType = sourcecode.swift; path = Photo_App_ExpUITestsLaunchTests.swift; sourceTree = "<group>"; };
/* End PBXFileReference section */

/* Begin PBXFrameworksBuildPhase section */
		6D468204288B39A8007FB56D /* Frameworks */ = {
			isa = PBXFrameworksBuildPhase;
			buildActionMask = 2147483647;
			files = (
			);
			runOnlyForDeploymentPostprocessing = 0;
		};
		6D46821A288B39AB007FB56D /* Frameworks */ = {
			isa = PBXFrameworksBuildPhase;
			buildActionMask = 2147483647;
			files = (
			);
			runOnlyForDeploymentPostprocessing = 0;
		};
		6D468224288B39AB007FB56D /* Frameworks */ = {
			isa = PBXFrameworksBuildPhase;
			buildActionMask = 2147483647;
			files = (
			);
			runOnlyForDeploymentPostprocessing = 0;
		};
/* End PBXFrameworksBuildPhase section */

/* Begin PBXGroup section */
		6D4681FE288B39A8007FB56D = {
			isa = PBXGroup;
			children = (
				6D468209288B39A8007FB56D /* Photo_App_Exp */,
				6D468220288B39AB007FB56D /* Photo_App_ExpTests */,
				6D46822A288B39AB007FB56D /* Photo_App_ExpUITests */,
				6D468208288B39A8007FB56D /* Products */,
			);
			sourceTree = "<group>";
		};
		6D468208288B39A8007FB56D /* Products */ = {
			isa = PBXGroup;
			children = (
				6D468207288B39A8007FB56D /* Photo_App_Exp.app */,
				6D46821D288B39AB007FB56D /* Photo_App_ExpTests.xctest */,
				6D468227288B39AB007FB56D /* Photo_App_ExpUITests.xctest */,
			);
			name = Products;
			sourceTree = "<group>";
		};
		6D468209288B39A8007FB56D /* Photo_App_Exp */ = {
			isa = PBXGroup;
			children = (
				6D46820A288B39A8007FB56D /* AppDelegate.swift */,
				6D46820C288B39A8007FB56D /* SceneDelegate.swift */,
				6D46820E288B39A8007FB56D /* ViewController.swift */,
				6D468210288B39A8007FB56D /* Main.storyboard */,
				6D468213288B39AA007FB56D /* Assets.xcassets */,
				6D468215288B39AA007FB56D /* LaunchScreen.storyboard */,
				6D468218288B39AA007FB56D /* Info.plist */,
			);
			path = Photo_App_Exp;
			sourceTree = "<group>";
		};
		6D468220288B39AB007FB56D /* Photo_App_ExpTests */ = {
			isa = PBXGroup;
			children = (
				6D468221288B39AB007FB56D /* Photo_App_ExpTests.swift */,
			);
			path = Photo_App_ExpTests;
			sourceTree = "<group>";
		};
		6D46822A288B39AB007FB56D /* Photo_App_ExpUITests */ = {
			isa = PBXGroup;
			children = (
				6D46822B288B39AB007FB56D /* Photo_App_ExpUITests.swift */,
				6D46822D288B39AB007FB56D /* Photo_App_ExpUITestsLaunchTests.swift */,
			);
			path = Photo_App_ExpUITests;
			sourceTree = "<group>";
		};
/* End PBXGroup section */

/* Begin PBXNativeTarget section */
		6D468206288B39A8007FB56D /* Photo_App_Exp */ = {
			isa = PBXNativeTarget;
			buildConfigurationList = 6D468231288B39AB007FB56D /* Build configuration list for PBXNativeTarget "Photo_App_Exp" */;
			buildPhases = (
				6D468203288B39A8007FB56D /* Sources */,
				6D468204288B39A8007FB56D /* Frameworks */,
				6D468205288B39A8007FB56D /* Resources */,
			);
			buildRules = (
			);
			dependencies = (
			);
			name = Photo_App_Exp;
			productName = Photo_App_Exp;
			productReference = 6D468207288B39A8007FB56D /* Photo_App_Exp.app */;
			productType = "com.apple.product-type.application";
		};
		6D46821C288B39AB007FB56D /* Photo_App_ExpTests */ = {
			isa = PBXNativeTarget;
			buildConfigurationList = 6D468234288B39AB007FB56D /* Build configuration list for PBXNativeTarget "Photo_App_ExpTests" */;
			buildPhases = (
				6D468219288B39AB007FB56D /* Sources */,
				6D46821A288B39AB007FB56D /* Frameworks */,
				6D46821B288B39AB007FB56D /* Resources */,
			);
			buildRules = (
			);
			dependencies = (
				6D46821F288B39AB007FB56D /* PBXTargetDependency */,
			);
			name = Photo_App_ExpTests;
			productName = Photo_App_ExpTests;
			productReference = 6D46821D288B39AB007FB56D /* Photo_App_ExpTests.xctest */;
			productType = "com.apple.product-type.bundle.unit-test";
		};
		6D468226288B39AB007FB56D /* Photo_App_ExpUITests */ = {
			isa = PBXNativeTarget;
			buildConfigurationList = 6D468237288B39AB007FB56D /* Build configuration list for PBXNativeTarget "Photo_App_ExpUITests" */;
			buildPhases = (
				6D468223288B39AB007FB56D /* Sources */,
				6D468224288B39AB007FB56D /* Frameworks */,
				6D468225288B39AB007FB56D /* Resources */,
			);
			buildRules = (
			);
			dependencies = (
				6D468229288B39AB007FB56D /* PBXTargetDependency */,
			);
			name = Photo_App_ExpUITests;
			productName = Photo_App_ExpUITests;
			productReference = 6D468227288B39AB007FB56D /* Photo_App_ExpUITests.xctest */;
			productType = "com.apple.product-type.bundle.ui-testing";
		};
/* End PBXNativeTarget section */

/* Begin PBXProject section */
		6D4681FF288B39A8007FB56D /* Project object */ = {
			isa = PBXProject;
			attributes = {
				BuildIndependentTargetsInParallel = 1;
				LastSwiftUpdateCheck = 1340;
				LastUpgradeCheck = 1340;
				TargetAttributes = {
					6D468206288B39A8007FB56D = {
						CreatedOnToolsVersion = 13.4.1;
					};
					6D46821C288B39AB007FB56D = {
						CreatedOnToolsVersion = 13.4.1;
						TestTargetID = 6D468206288B39A8007FB56D;
					};
					6D468226288B39AB007FB56D = {
						CreatedOnToolsVersion = 13.4.1;
						TestTargetID = 6D468206288B39A8007FB56D;
					};
				};
			};
			buildConfigurationList = 6D468202288B39A8007FB56D /* Build configuration list for PBXProject "Photo_App_Exp" */;
			compatibilityVersion = "Xcode 13.0";
			developmentRegion = en;
			hasScannedForEncodings = 0;
			knownRegions = (
				en,
				Base,
			);
			mainGroup = 6D4681FE288B39A8007FB56D;
			productRefGroup = 6D468208288B39A8007FB56D /* Products */;
			projectDirPath = "";
			projectRoot = "";
			targets = (
				6D468206288B39A8007FB56D /* Photo_App_Exp */,
				6D46821C288B39AB007FB56D /* Photo_App_ExpTests */,
				6D468226288B39AB007FB56D /* Photo_App_ExpUITests */,
			);
		};
/* End PBXProject section */

/* Begin PBXResourcesBuildPhase section */
		6D468205288B39A8007FB56D /* Resources */ = {
			isa = PBXResourcesBuildPhase;
			buildActionMask = 2147483647;
			files = (
				6D468217288B39AA007FB56D /* LaunchScreen.storyboard in Resources */,
				6D468214288B39AA007FB56D /* Assets.xcassets in Resources */,
				6D468212288B39A8007FB56D /* Main.storyboard in Resources */,
			);
			runOnlyForDeploymentPostprocessing = 0;
		};
		6D46821B288B39AB007FB56D /* Resources */ = {
			isa = PBXResourcesBuildPhase;
			buildActionMask = 2147483647;
			files = (
			);
			runOnlyForDeploymentPostprocessing = 0;
		};
		6D468225288B39AB007FB56D /* Resources */ = {
			isa = PBXResourcesBuildPhase;
			buildActionMask = 2147483647;
			files = (
			);
			runOnlyForDeploymentPostprocessing = 0;
		};
/* End PBXResourcesBuildPhase section */

/* Begin PBXSourcesBuildPhase section */
		6D468203288B39A8007FB56D /* Sources */ = {
			isa = PBXSourcesBuildPhase;
			buildActionMask = 2147483647;
			files = (
				6D46820F288B39A8007FB56D /* ViewController.swift in Sources */,
				6D46820B288B39A8007FB56D /* AppDelegate.swift in Sources */,
				6D46820D288B39A8007FB56D /* SceneDelegate.swift in Sources */,
			);
			runOnlyForDeploymentPostprocessing = 0;
		};
		6D468219288B39AB007FB56D /* Sources */ = {
			isa = PBXSourcesBuildPhase;
			buildActionMask = 2147483647;
			files = (
				6D468222288B39AB007FB56D /* Photo_App_ExpTests.swift in Sources */,
			);
			runOnlyForDeploymentPostprocessing = 0;
		};
		6D468223288B39AB007FB56D /* Sources */ = {
			isa = PBXSourcesBuildPhase;
			buildActionMask = 2147483647;
			files = (
				6D46822C288B39AB007FB56D /* Photo_App_ExpUITests.swift in Sources */,
				6D46822E288B39AB007FB56D /* Photo_App_ExpUITestsLaunchTests.swift in Sources */,
			);
			runOnlyForDeploymentPostprocessing = 0;
		};
/* End PBXSourcesBuildPhase section */

/* Begin PBXTargetDependency section */
		6D46821F288B39AB007FB56D /* PBXTargetDependency */ = {
			isa = PBXTargetDependency;
			target = 6D468206288B39A8007FB56D /* Photo_App_Exp */;
			targetProxy = 6D46821E288B39AB007FB56D /* PBXContainerItemProxy */;
		};
		6D468229288B39AB007FB56D /* PBXTargetDependency */ = {
			isa = PBXTargetDependency;
			target = 6D468206288B39A8007FB56D /* Photo_App_Exp */;
			targetProxy = 6D468228288B39AB007FB56D /* PBXContainerItemProxy */;
		};
/* End PBXTargetDependency section */

/* Begin PBXVariantGroup section */
		6D468210288B39A8007FB56D /* Main.storyboard */ = {
			isa = PBXVariantGroup;
			children = (
				6D468211288B39A8007FB56D /* Base */,
			);
			name = Main.storyboard;
			sourceTree = "<group>";
		};
		6D468215288B39AA007FB56D /* LaunchScreen.storyboard */ = {
			isa = PBXVariantGroup;
			children = (
				6D468216288B39AA007FB56D /* Base */,
			);
			name = LaunchScreen.storyboard;
			sourceTree = "<group>";
		};
/* End PBXVariantGroup section */

/* Begin XCBuildConfiguration section */
		6D46822F288B39AB007FB56D /* Debug */ = {
			isa = XCBuildConfiguration;
			buildSettings = {
				ALWAYS_SEARCH_USER_PATHS = NO;
				CLANG_ANALYZER_NONNULL = YES;
				CLANG_ANALYZER_NUMBER_OBJECT_CONVERSION = YES_AGGRESSIVE;
				CLANG_CXX_LANGUAGE_STANDARD = "gnu++17";
				CLANG_ENABLE_MODULES = YES;
				CLANG_ENABLE_OBJC_ARC = YES;
				CLANG_ENABLE_OBJC_WEAK = YES;
				CLANG_WARN_BLOCK_CAPTURE_AUTORELEASING = YES;
				CLANG_WARN_BOOL_CONVERSION = YES;
				CLANG_WARN_COMMA = YES;
				CLANG_WARN_CONSTANT_CONVERSION = YES;
				CLANG_WARN_DEPRECATED_OBJC_IMPLEMENTATIONS = YES;
				CLANG_WARN_DIRECT_OBJC_ISA_USAGE = YES_ERROR;
				CLANG_WARN_DOCUMENTATION_COMMENTS = YES;
				CLANG_WARN_EMPTY_BODY = YES;
				CLANG_WARN_ENUM_CONVERSION = YES;
				CLANG_WARN_INFINITE_RECURSION = YES;
				CLANG_WARN_INT_CONVERSION = YES;
				CLANG_WARN_NON_LITERAL_NULL_CONVERSION = YES;
				CLANG_WARN_OBJC_IMPLICIT_RETAIN_SELF = YES;
				CLANG_WARN_OBJC_LITERAL_CONVERSION = YES;
				CLANG_WARN_OBJC_ROOT_CLASS = YES_ERROR;
				CLANG_WARN_QUOTED_INCLUDE_IN_FRAMEWORK_HEADER = YES;
				CLANG_WARN_RANGE_LOOP_ANALYSIS = YES;
				CLANG_WARN_STRICT_PROTOTYPES = YES;
				CLANG_WARN_SUSPICIOUS_MOVE = YES;
				CLANG_WARN_UNGUARDED_AVAILABILITY = YES_AGGRESSIVE;
				CLANG_WARN_UNREACHABLE_CODE = YES;
				CLANG_WARN__DUPLICATE_METHOD_MATCH = YES;
				COPY_PHASE_STRIP = NO;
				DEBUG_INFORMATION_FORMAT = dwarf;
				ENABLE_STRICT_OBJC_MSGSEND = YES;
				ENABLE_TESTABILITY = YES;
				GCC_C_LANGUAGE_STANDARD = gnu11;
				GCC_DYNAMIC_NO_PIC = NO;
				GCC_NO_COMMON_BLOCKS = YES;
				GCC_OPTIMIZATION_LEVEL = 0;
				GCC_PREPROCESSOR_DEFINITIONS = (
					"DEBUG=1",
					"$(inherited)",
				);
				GCC_WARN_64_TO_32_BIT_CONVERSION = YES;
				GCC_WARN_ABOUT_RETURN_TYPE = YES_ERROR;
				GCC_WARN_UNDECLARED_SELECTOR = YES;
				GCC_WARN_UNINITIALIZED_AUTOS = YES_AGGRESSIVE;
				GCC_WARN_UNUSED_FUNCTION = YES;
				GCC_WARN_UNUSED_VARIABLE = YES;
				IPHONEOS_DEPLOYMENT_TARGET = 15.5;
				MTL_ENABLE_DEBUG_INFO = INCLUDE_SOURCE;
				MTL_FAST_MATH = YES;
				ONLY_ACTIVE_ARCH = YES;
				SDKROOT = iphoneos;
				SWIFT_ACTIVE_COMPILATION_CONDITIONS = DEBUG;
				SWIFT_OPTIMIZATION_LEVEL = "-Onone";
			};
			name = Debug;
		};
		6D468230288B39AB007FB56D /* Release */ = {
			isa = XCBuildConfiguration;
			buildSettings = {
				ALWAYS_SEARCH_USER_PATHS = NO;
				CLANG_ANALYZER_NONNULL = YES;
				CLANG_ANALYZER_NUMBER_OBJECT_CONVERSION = YES_AGGRESSIVE;
				CLANG_CXX_LANGUAGE_STANDARD = "gnu++17";
				CLANG_ENABLE_MODULES = YES;
				CLANG_ENABLE_OBJC_ARC = YES;
				CLANG_ENABLE_OBJC_WEAK = YES;
				CLANG_WARN_BLOCK_CAPTURE_AUTORELEASING = YES;
				CLANG_WARN_BOOL_CONVERSION = YES;
				CLANG_WARN_COMMA = YES;
				CLANG_WARN_CONSTANT_CONVERSION = YES;
				CLANG_WARN_DEPRECATED_OBJC_IMPLEMENTATIONS = YES;
				CLANG_WARN_DIRECT_OBJC_ISA_USAGE = YES_ERROR;
				CLANG_WARN_DOCUMENTATION_COMMENTS = YES;
				CLANG_WARN_EMPTY_BODY = YES;
				CLANG_WARN_ENUM_CONVERSION = YES;
				CLANG_WARN_INFINITE_RECURSION = YES;
				CLANG_WARN_INT_CONVERSION = YES;
				CLANG_WARN_NON_LITERAL_NULL_CONVERSION = YES;
				CLANG_WARN_OBJC_IMPLICIT_RETAIN_SELF = YES;
				CLANG_WARN_OBJC_LITERAL_CONVERSION = YES;
				CLANG_WARN_OBJC_ROOT_CLASS = YES_ERROR;
				CLANG_WARN_QUOTED_INCLUDE_IN_FRAMEWORK_HEADER = YES;
				CLANG_WARN_RANGE_LOOP_ANALYSIS = YES;
				CLANG_WARN_STRICT_PROTOTYPES = YES;
				CLANG_WARN_SUSPICIOUS_MOVE = YES;
				CLANG_WARN_UNGUARDED_AVAILABILITY = YES_AGGRESSIVE;
				CLANG_WARN_UNREACHABLE_CODE = YES;
				CLANG_WARN__DUPLICATE_METHOD_MATCH = YES;
				COPY_PHASE_STRIP = NO;
				DEBUG_INFORMATION_FORMAT = "dwarf-with-dsym";
				ENABLE_NS_ASSERTIONS = NO;
				ENABLE_STRICT_OBJC_MSGSEND = YES;
				GCC_C_LANGUAGE_STANDARD = gnu11;
				GCC_NO_COMMON_BLOCKS = YES;
				GCC_WARN_64_TO_32_BIT_CONVERSION = YES;
				GCC_WARN_ABOUT_RETURN_TYPE = YES_ERROR;
				GCC_WARN_UNDECLARED_SELECTOR = YES;
				GCC_WARN_UNINITIALIZED_AUTOS = YES_AGGRESSIVE;
				GCC_WARN_UNUSED_FUNCTION = YES;
				GCC_WARN_UNUSED_VARIABLE = YES;
				IPHONEOS_DEPLOYMENT_TARGET = 15.5;
				MTL_ENABLE_DEBUG_INFO = NO;
				MTL_FAST_MATH = YES;
				SDKROOT = iphoneos;
				SWIFT_COMPILATION_MODE = wholemodule;
				SWIFT_OPTIMIZATION_LEVEL = "-O";
				VALIDATE_PRODUCT = YES;
			};
			name = Release;
		};
		6D468232288B39AB007FB56D /* Debug */ = {
			isa = XCBuildConfiguration;
			buildSettings = {
				ASSETCATALOG_COMPILER_APPICON_NAME = AppIcon;
				ASSETCATALOG_COMPILER_GLOBAL_ACCENT_COLOR_NAME = AccentColor;
				CODE_SIGN_STYLE = Automatic;
				CURRENT_PROJECT_VERSION = 1;
				DEVELOPMENT_TEAM = JTXRWNZ3Q3;
				GENERATE_INFOPLIST_FILE = YES;
				INFOPLIST_FILE = Photo_App_Exp/Info.plist;
				INFOPLIST_KEY_UIApplicationSupportsIndirectInputEvents = YES;
				INFOPLIST_KEY_UILaunchStoryboardName = LaunchScreen;
				INFOPLIST_KEY_UIMainStoryboardFile = Main;
				INFOPLIST_KEY_UISupportedInterfaceOrientations_iPad = "UIInterfaceOrientationPortrait UIInterfaceOrientationPortraitUpsideDown UIInterfaceOrientationLandscapeLeft UIInterfaceOrientationLandscapeRight";
				INFOPLIST_KEY_UISupportedInterfaceOrientations_iPhone = "UIInterfaceOrientationPortrait UIInterfaceOrientationLandscapeLeft UIInterfaceOrientationLandscapeRight";
				LD_RUNPATH_SEARCH_PATHS = (
					"$(inherited)",
					"@executable_path/Frameworks",
				);
				MARKETING_VERSION = 1.0;
				PRODUCT_BUNDLE_IDENTIFIER = "com.ShakFeizi.Photo-App-Exp";
				PRODUCT_NAME = "$(TARGET_NAME)";
				SWIFT_EMIT_LOC_STRINGS = YES;
				SWIFT_VERSION = 5.0;
				TARGETED_DEVICE_FAMILY = "1,2";
			};
			name = Debug;
		};
		6D468233288B39AB007FB56D /* Release */ = {
			isa = XCBuildConfiguration;
			buildSettings = {
				ASSETCATALOG_COMPILER_APPICON_NAME = AppIcon;
				ASSETCATALOG_COMPILER_GLOBAL_ACCENT_COLOR_NAME = AccentColor;
				CODE_SIGN_STYLE = Automatic;
				CURRENT_PROJECT_VERSION = 1;
				DEVELOPMENT_TEAM = JTXRWNZ3Q3;
				GENERATE_INFOPLIST_FILE = YES;
				INFOPLIST_FILE = Photo_App_Exp/Info.plist;
				INFOPLIST_KEY_UIApplicationSupportsIndirectInputEvents = YES;
				INFOPLIST_KEY_UILaunchStoryboardName = LaunchScreen;
				INFOPLIST_KEY_UIMainStoryboardFile = Main;
				INFOPLIST_KEY_UISupportedInterfaceOrientations_iPad = "UIInterfaceOrientationPortrait UIInterfaceOrientationPortraitUpsideDown UIInterfaceOrientationLandscapeLeft UIInterfaceOrientationLandscapeRight";
				INFOPLIST_KEY_UISupportedInterfaceOrientations_iPhone = "UIInterfaceOrientationPortrait UIInterfaceOrientationLandscapeLeft UIInterfaceOrientationLandscapeRight";
				LD_RUNPATH_SEARCH_PATHS = (
					"$(inherited)",
					"@executable_path/Frameworks",
				);
				MARKETING_VERSION = 1.0;
				PRODUCT_BUNDLE_IDENTIFIER = "com.ShakFeizi.Photo-App-Exp";
				PRODUCT_NAME = "$(TARGET_NAME)";
				SWIFT_EMIT_LOC_STRINGS = YES;
				SWIFT_VERSION = 5.0;
				TARGETED_DEVICE_FAMILY = "1,2";
			};
			name = Release;
		};
		6D468235288B39AB007FB56D /* Debug */ = {
			isa = XCBuildConfiguration;
			buildSettings = {
				ALWAYS_EMBED_SWIFT_STANDARD_LIBRARIES = YES;
				BUNDLE_LOADER = "$(TEST_HOST)";
				CODE_SIGN_STYLE = Automatic;
				CURRENT_PROJECT_VERSION = 1;
				DEVELOPMENT_TEAM = JTXRWNZ3Q3;
				GENERATE_INFOPLIST_FILE = YES;
				IPHONEOS_DEPLOYMENT_TARGET = 15.5;
				MARKETING_VERSION = 1.0;
				PRODUCT_BUNDLE_IDENTIFIER = "com.ShakFeizi.Photo-App-ExpTests";
				PRODUCT_NAME = "$(TARGET_NAME)";
				SWIFT_EMIT_LOC_STRINGS = NO;
				SWIFT_VERSION = 5.0;
				TARGETED_DEVICE_FAMILY = "1,2";
				TEST_HOST = "$(BUILT_PRODUCTS_DIR)/Photo_App_Exp.app/Photo_App_Exp";
			};
			name = Debug;
		};
		6D468236288B39AB007FB56D /* Release */ = {
			isa = XCBuildConfiguration;
			buildSettings = {
				ALWAYS_EMBED_SWIFT_STANDARD_LIBRARIES = YES;
				BUNDLE_LOADER = "$(TEST_HOST)";
				CODE_SIGN_STYLE = Automatic;
				CURRENT_PROJECT_VERSION = 1;
				DEVELOPMENT_TEAM = JTXRWNZ3Q3;
				GENERATE_INFOPLIST_FILE = YES;
				IPHONEOS_DEPLOYMENT_TARGET = 15.5;
				MARKETING_VERSION = 1.0;
				PRODUCT_BUNDLE_IDENTIFIER = "com.ShakFeizi.Photo-App-ExpTests";
				PRODUCT_NAME = "$(TARGET_NAME)";
				SWIFT_EMIT_LOC_STRINGS = NO;
				SWIFT_VERSION = 5.0;
				TARGETED_DEVICE_FAMILY = "1,2";
				TEST_HOST = "$(BUILT_PRODUCTS_DIR)/Photo_App_Exp.app/Photo_App_Exp";
			};
			name = Release;
		};
		6D468238288B39AB007FB56D /* Debug */ = {
			isa = XCBuildConfiguration;
			buildSettings = {
				ALWAYS_EMBED_SWIFT_STANDARD_LIBRARIES = YES;
				CODE_SIGN_STYLE = Automatic;
				CURRENT_PROJECT_VERSION = 1;
				DEVELOPMENT_TEAM = JTXRWNZ3Q3;
				GENERATE_INFOPLIST_FILE = YES;
				MARKETING_VERSION = 1.0;
				PRODUCT_BUNDLE_IDENTIFIER = "com.ShakFeizi.Photo-App-ExpUITests";
				PRODUCT_NAME = "$(TARGET_NAME)";
				SWIFT_EMIT_LOC_STRINGS = NO;
				SWIFT_VERSION = 5.0;
				TARGETED_DEVICE_FAMILY = "1,2";
				TEST_TARGET_NAME = Photo_App_Exp;
			};
			name = Debug;
		};
		6D468239288B39AB007FB56D /* Release */ = {
			isa = XCBuildConfiguration;
			buildSettings = {
				ALWAYS_EMBED_SWIFT_STANDARD_LIBRARIES = YES;
				CODE_SIGN_STYLE = Automatic;
				CURRENT_PROJECT_VERSION = 1;
				DEVELOPMENT_TEAM = JTXRWNZ3Q3;
				GENERATE_INFOPLIST_FILE = YES;
				MARKETING_VERSION = 1.0;
				PRODUCT_BUNDLE_IDENTIFIER = "com.ShakFeizi.Photo-App-ExpUITests";
				PRODUCT_NAME = "$(TARGET_NAME)";
				SWIFT_EMIT_LOC_STRINGS = NO;
				SWIFT_VERSION = 5.0;
				TARGETED_DEVICE_FAMILY = "1,2";
				TEST_TARGET_NAME = Photo_App_Exp;
			};
			name = Release;
		};
/* End XCBuildConfiguration section */

/* Begin XCConfigurationList section */
		6D468202288B39A8007FB56D /* Build configuration list for PBXProject "Photo_App_Exp" */ = {
			isa = XCConfigurationList;
			buildConfigurations = (
				6D46822F288B39AB007FB56D /* Debug */,
				6D468230288B39AB007FB56D /* Release */,
			);
			defaultConfigurationIsVisible = 0;
			defaultConfigurationName = Release;
		};
		6D468231288B39AB007FB56D /* Build configuration list for PBXNativeTarget "Photo_App_Exp" */ = {
			isa = XCConfigurationList;
			buildConfigurations = (
				6D468232288B39AB007FB56D /* Debug */,
				6D468233288B39AB007FB56D /* Release */,
			);
			defaultConfigurationIsVisible = 0;
			defaultConfigurationName = Release;
		};
		6D468234288B39AB007FB56D /* Build configuration list for PBXNativeTarget "Photo_App_ExpTests" */ = {
			isa = XCConfigurationList;
			buildConfigurations = (
				6D468235288B39AB007FB56D /* Debug */,
				6D468236288B39AB007FB56D /* Release */,
			);
			defaultConfigurationIsVisible = 0;
			defaultConfigurationName = Release;
		};
		6D468237288B39AB007FB56D /* Build configuration list for PBXNativeTarget "Photo_App_ExpUITests" */ = {
			isa = XCConfigurationList;
			buildConfigurations = (
				6D468238288B39AB007FB56D /* Debug */,
				6D468239288B39AB007FB56D /* Release */,
			);
			defaultConfigurationIsVisible = 0;
			defaultConfigurationName = Release;
		};
/* End XCConfigurationList section */
	};
	rootObject = 6D4681FF288B39A8007FB56D /* Project object */;
}
